
Microsoft Visual Studio Solution File, Format Version 12.00
# Visual Studio Version 16
VisualStudioVersion = 16.0.29926.136
MinimumVisualStudioVersion = 10.0.40219.1
Project("{FAE04EC0-301F-11D3-BF4B-00C04F79EFBC}") = "YouTubeDownloader.Ui", "YouTubeDownloader.Ui\YouTubeDownloader.Ui.csproj", "{EA34DBF4-574E-40B7-BE33-88A0A082B888}"
EndProject
Global
	GlobalSection(SolutionConfigurationPlatforms) = preSolution
		Debug|Any CPU = Debug|Any CPU
		Release|Any CPU = Release|Any CPU
	EndGlobalSection
	GlobalSection(ProjectConfigurationPlatforms) = postSolution
		{EA34DBF4-574E-40B7-BE33-88A0A082B888}.Debug|Any CPU.ActiveCfg = Debug|Any CPU
		{EA34DBF4-574E-40B7-BE33-88A0A082B888}.Debug|Any CPU.Build.0 = Debug|Any CPU
		{EA34DBF4-574E-40B7-BE33-88A0A082B888}.Release|Any CPU.ActiveCfg = Release|Any CPU
		{EA34DBF4-574E-40B7-BE33-88A0A082B888}.Release|Any CPU.Build.0 = Release|Any CPU
	EndGlobalSection
	GlobalSection(SolutionProperties) = preSolution
		HideSolutionNode = FALSE
	EndGlobalSection
	GlobalSection(ExtensibilityGlobals) = postSolution
		SolutionGuid = {B61D1CB4-544E-4CD6-8F45-DF526F2D7DB4}
	EndGlobalSection
EndGlobal
